
Microsoft Visual Studio Solution File, Format Version 12.00
# Visual Studio 15
VisualStudioVersion = 15.0.28010.2046
MinimumVisualStudioVersion = 10.0.40219.1
Project("{FAE04EC0-301F-11D3-BF4B-00C04F79EFBC}") = "linq4", "linq4\linq4.csproj", "{7B24EA94-3DE2-4957-A7EF-F9506C7BC5CE}"
EndProject
Global
	GlobalSection(SolutionConfigurationPlatforms) = preSolution
		Debug|Any CPU = Debug|Any CPU
		Release|Any CPU = Release|Any CPU
	EndGlobalSection
	GlobalSection(ProjectConfigurationPlatforms) = postSolution
		{7B24EA94-3DE2-4957-A7EF-F9506C7BC5CE}.Debug|Any CPU.ActiveCfg = Debug|Any CPU
		{7B24EA94-3DE2-4957-A7EF-F9506C7BC5CE}.Debug|Any CPU.Build.0 = Debug|Any CPU
		{7B24EA94-3DE2-4957-A7EF-F9506C7BC5CE}.Release|Any CPU.ActiveCfg = Release|Any CPU
		{7B24EA94-3DE2-4957-A7EF-F9506C7BC5CE}.Release|Any CPU.Build.0 = Release|Any CPU
	EndGlobalSection
	GlobalSection(SolutionProperties) = preSolution
		HideSolutionNode = FALSE
	EndGlobalSection
	GlobalSection(ExtensibilityGlobals) = postSolution
		SolutionGuid = {EAA76E77-035E-4E37-89CD-8B95D7425175}
	EndGlobalSection
EndGlobal
